
Microsoft Visual Studio Solution File, Format Version 12.00
# Visual Studio 2013
VisualStudioVersion = 12.0.21005.1
MinimumVisualStudioVersion = 10.0.40219.1
Project("{FAE04EC0-301F-11D3-BF4B-00C04F79EFBC}") = "Test.Core", "Test.Core\Test.Core.csproj", "{2289BFDF-3C7E-4F70-9723-28D21F0A9148}"
EndProject
Project("{FAE04EC0-301F-11D3-BF4B-00C04F79EFBC}") = "Test.Web", "Test.Web\Test.Web.csproj", "{C0C95D31-D3CE-40AD-83BA-1EFCE0AD2587}"
EndProject
Project("{FAE04EC0-301F-11D3-BF4B-00C04F79EFBC}") = "Test.Data", "Test.Data\Test.Data.csproj", "{1F9BA969-3508-4A53-A11A-50B4132C15D7}"
EndProject
Project("{FAE04EC0-301F-11D3-BF4B-00C04F79EFBC}") = "Test.BL", "Test.BL\Test.BL.csproj", "{B814FF5D-70A8-4189-B9D7-BED1F5DB13C5}"
EndProject
Project("{FAE04EC0-301F-11D3-BF4B-00C04F79EFBC}") = "Test.Resources", "Test.Resources\Test.Resources.csproj", "{6E80D09B-48BE-4A9F-8A1B-C7BC151E876C}"
EndProject
Project("{2150E333-8FDC-42A3-9474-1A3956D46DE8}") = ".build", ".build", "{D22F78AE-697D-40D3-83C8-03C0DBADE9EC}"
	ProjectSection(SolutionItems) = preProject
		Build.proj = Build.proj
		.build\MSBuild.Community.Tasks.dll = .build\MSBuild.Community.Tasks.dll
		.build\MSBuild.Community.Tasks.targets = .build\MSBuild.Community.Tasks.targets
	EndProjectSection
EndProject
Project("{FAE04EC0-301F-11D3-BF4B-00C04F79EFBC}") = "TestingBisnessLayer", "TestingBisnessLayer\TestingBisnessLayer.csproj", "{9339DA4B-064D-4A23-8D61-9DC04C972F2A}"
EndProject
Project("{FAE04EC0-301F-11D3-BF4B-00C04F79EFBC}") = "xUnitTesting", "xUnitTesting\xUnitTesting.csproj", "{C0AC1114-95C5-472D-9908-BA8867191EC5}"
EndProject
Global
	GlobalSection(SolutionConfigurationPlatforms) = preSolution
		Debug|Any CPU = Debug|Any CPU
		Release|Any CPU = Release|Any CPU
	EndGlobalSection
	GlobalSection(ProjectConfigurationPlatforms) = postSolution
		{2289BFDF-3C7E-4F70-9723-28D21F0A9148}.Debug|Any CPU.ActiveCfg = Debug|Any CPU
		{2289BFDF-3C7E-4F70-9723-28D21F0A9148}.Debug|Any CPU.Build.0 = Debug|Any CPU
		{2289BFDF-3C7E-4F70-9723-28D21F0A9148}.Release|Any CPU.ActiveCfg = Release|Any CPU
		{2289BFDF-3C7E-4F70-9723-28D21F0A9148}.Release|Any CPU.Build.0 = Release|Any CPU
		{C0C95D31-D3CE-40AD-83BA-1EFCE0AD2587}.Debug|Any CPU.ActiveCfg = Debug|Any CPU
		{C0C95D31-D3CE-40AD-83BA-1EFCE0AD2587}.Debug|Any CPU.Build.0 = Debug|Any CPU
		{C0C95D31-D3CE-40AD-83BA-1EFCE0AD2587}.Release|Any CPU.ActiveCfg = Release|Any CPU
		{C0C95D31-D3CE-40AD-83BA-1EFCE0AD2587}.Release|Any CPU.Build.0 = Release|Any CPU
		{1F9BA969-3508-4A53-A11A-50B4132C15D7}.Debug|Any CPU.ActiveCfg = Debug|Any CPU
		{1F9BA969-3508-4A53-A11A-50B4132C15D7}.Debug|Any CPU.Build.0 = Debug|Any CPU
		{1F9BA969-3508-4A53-A11A-50B4132C15D7}.Release|Any CPU.ActiveCfg = Release|Any CPU
		{1F9BA969-3508-4A53-A11A-50B4132C15D7}.Release|Any CPU.Build.0 = Release|Any CPU
		{B814FF5D-70A8-4189-B9D7-BED1F5DB13C5}.Debug|Any CPU.ActiveCfg = Debug|Any CPU
		{B814FF5D-70A8-4189-B9D7-BED1F5DB13C5}.Debug|Any CPU.Build.0 = Debug|Any CPU
		{B814FF5D-70A8-4189-B9D7-BED1F5DB13C5}.Release|Any CPU.ActiveCfg = Release|Any CPU
		{B814FF5D-70A8-4189-B9D7-BED1F5DB13C5}.Release|Any CPU.Build.0 = Release|Any CPU
		{6E80D09B-48BE-4A9F-8A1B-C7BC151E876C}.Debug|Any CPU.ActiveCfg = Debug|Any CPU
		{6E80D09B-48BE-4A9F-8A1B-C7BC151E876C}.Debug|Any CPU.Build.0 = Debug|Any CPU
		{6E80D09B-48BE-4A9F-8A1B-C7BC151E876C}.Release|Any CPU.ActiveCfg = Release|Any CPU
		{6E80D09B-48BE-4A9F-8A1B-C7BC151E876C}.Release|Any CPU.Build.0 = Release|Any CPU
		{9339DA4B-064D-4A23-8D61-9DC04C972F2A}.Debug|Any CPU.ActiveCfg = Debug|Any CPU
		{9339DA4B-064D-4A23-8D61-9DC04C972F2A}.Debug|Any CPU.Build.0 = Debug|Any CPU
		{9339DA4B-064D-4A23-8D61-9DC04C972F2A}.Release|Any CPU.ActiveCfg = Release|Any CPU
		{9339DA4B-064D-4A23-8D61-9DC04C972F2A}.Release|Any CPU.Build.0 = Release|Any CPU
		{C0AC1114-95C5-472D-9908-BA8867191EC5}.Debug|Any CPU.ActiveCfg = Debug|Any CPU
		{C0AC1114-95C5-472D-9908-BA8867191EC5}.Debug|Any CPU.Build.0 = Debug|Any CPU
		{C0AC1114-95C5-472D-9908-BA8867191EC5}.Release|Any CPU.ActiveCfg = Release|Any CPU
		{C0AC1114-95C5-472D-9908-BA8867191EC5}.Release|Any CPU.Build.0 = Release|Any CPU
	EndGlobalSection
	GlobalSection(SolutionProperties) = preSolution
		HideSolutionNode = FALSE
	EndGlobalSection
EndGlobal
